hash: e6a4ddcf36fe5c1f161ecea765ca2b26e01464a75d0b86deceb96101815f1e5f
updated: 2018-03-31T17:39:33.426575+01:00
imports:
- name: github.com/asdine/storm
  version: a86fa5e09c9c50a06416b08fd9acd4839fb2d62e
  subpackages:
  - codec
  - codec/json
  - index
  - internal
  - q
- name: github.com/coreos/bbolt
  version: 48ea1b39c25fc1bab3506fbc712ecbaa842c4d2d
- name: github.com/inconshreveable/mousetrap
  version: 76626ae9c91c4f2a10f34cad8ce83ea42c93bb75
- name: github.com/mitchellh/go-homedir
  version: b8bc1bf767474819792c23f32d8286a45736f1c6
- name: github.com/spf13/cobra
  version: 7b2c5ac9fc04fc5efafb60700713d4fa609b777b
- name: github.com/spf13/pflag
  version: 45e82a3a9c6b20fe3159b3dc2eb28d80a3b2ee67
- name: golang.org/x/sys
  version: 13d03a9a82fba647c21a0ef8fba44a795d0f0835
  subpackages:
  - unix
testImports: []
